
Microsoft Visual Studio Solution File, Format Version 12.00
Project("{FAE04EC0-301F-11D3-BF4B-00C04F79EFBC}") = "hillelHW", "hillelHW\hillelHW.csproj", "{F9CC8D75-CD53-4FF7-98B8-B389B335E851}"
EndProject
Global
	GlobalSection(SolutionConfigurationPlatforms) = preSolution
		Debug|Any CPU = Debug|Any CPU
		Release|Any CPU = Release|Any CPU
	EndGlobalSection
	GlobalSection(ProjectConfigurationPlatforms) = postSolution
		{F9CC8D75-CD53-4FF7-98B8-B389B335E851}.Debug|Any CPU.ActiveCfg = Debug|Any CPU
		{F9CC8D75-CD53-4FF7-98B8-B389B335E851}.Debug|Any CPU.Build.0 = Debug|Any CPU
		{F9CC8D75-CD53-4FF7-98B8-B389B335E851}.Release|Any CPU.ActiveCfg = Release|Any CPU
		{F9CC8D75-CD53-4FF7-98B8-B389B335E851}.Release|Any CPU.Build.0 = Release|Any CPU
	EndGlobalSection
EndGlobal
